
Microsoft Visual Studio Solution File, Format Version 12.00
# Visual Studio 15
VisualStudioVersion = 15.0.28010.2048
MinimumVisualStudioVersion = 10.0.40219.1
Project("{9A19103F-16F7-4668-BE54-9A1E7A4F7556}") = "SurveyServerless", "SurveyServerless\SurveyServerless.csproj", "{B555742B-FAC0-47FF-A01A-24F44BAE9FB2}"
EndProject
Project("{9A19103F-16F7-4668-BE54-9A1E7A4F7556}") = "SurveyServerless.Tests", "SurveyServerless.Tests\SurveyServerless.Tests.csproj", "{7008795E-C17C-47C8-B637-3597C662ED0C}"
EndProject
Global
	GlobalSection(SolutionConfigurationPlatforms) = preSolution
		Debug|Any CPU = Debug|Any CPU
		Release|Any CPU = Release|Any CPU
	EndGlobalSection
	GlobalSection(ProjectConfigurationPlatforms) = postSolution
		{B555742B-FAC0-47FF-A01A-24F44BAE9FB2}.Debug|Any CPU.ActiveCfg = Debug|Any CPU
		{B555742B-FAC0-47FF-A01A-24F44BAE9FB2}.Debug|Any CPU.Build.0 = Debug|Any CPU
		{B555742B-FAC0-47FF-A01A-24F44BAE9FB2}.Release|Any CPU.ActiveCfg = Release|Any CPU
		{B555742B-FAC0-47FF-A01A-24F44BAE9FB2}.Release|Any CPU.Build.0 = Release|Any CPU
		{7008795E-C17C-47C8-B637-3597C662ED0C}.Debug|Any CPU.ActiveCfg = Debug|Any CPU
		{7008795E-C17C-47C8-B637-3597C662ED0C}.Debug|Any CPU.Build.0 = Debug|Any CPU
		{7008795E-C17C-47C8-B637-3597C662ED0C}.Release|Any CPU.ActiveCfg = Release|Any CPU
		{7008795E-C17C-47C8-B637-3597C662ED0C}.Release|Any CPU.Build.0 = Release|Any CPU
	EndGlobalSection
	GlobalSection(SolutionProperties) = preSolution
		HideSolutionNode = FALSE
	EndGlobalSection
	GlobalSection(ExtensibilityGlobals) = postSolution
		SolutionGuid = {62401C4B-B21F-4B79-9D7B-9BF665460A9F}
	EndGlobalSection
EndGlobal
